
Microsoft Visual Studio Solution File, Format Version 12.00
# Visual Studio Version 17
VisualStudioVersion = 17.9.34622.214
MinimumVisualStudioVersion = 10.0.40219.1
Project("{FAE04EC0-301F-11D3-BF4B-00C04F79EFBC}") = "WinFormsApp1", "WinFormsApp1\WinFormsApp1.csproj", "{116E8C06-042D-4025-B75B-98DC3521FAFF}"
EndProject
Global
	GlobalSection(SolutionConfigurationPlatforms) = preSolution
		Debug|Any CPU = Debug|Any CPU
		Release|Any CPU = Release|Any CPU
	EndGlobalSection
	GlobalSection(ProjectConfigurationPlatforms) = postSolution
		{116E8C06-042D-4025-B75B-98DC3521FAFF}.Debug|Any CPU.ActiveCfg = Debug|Any CPU
		{116E8C06-042D-4025-B75B-98DC3521FAFF}.Debug|Any CPU.Build.0 = Debug|Any CPU
		{116E8C06-042D-4025-B75B-98DC3521FAFF}.Release|Any CPU.ActiveCfg = Release|Any CPU
		{116E8C06-042D-4025-B75B-98DC3521FAFF}.Release|Any CPU.Build.0 = Release|Any CPU
	EndGlobalSection
	GlobalSection(SolutionProperties) = preSolution
		HideSolutionNode = FALSE
	EndGlobalSection
	GlobalSection(ExtensibilityGlobals) = postSolution
		SolutionGuid = {4D468056-EB15-4F5F-8AA3-DCD393250C1A}
	EndGlobalSection
EndGlobal
